speakeasyVersion: 1.801.0
sources:
    Maesn unified API:
        sourceNamespace: maesn-unified-api
        sourceRevisionDigest: sha256:6ed9f1bd610e649f1352ee5c48659d658b8b1c1c5b0f1352c5555930a8b03a4c
        sourceBlobDigest: sha256:1a4c92cc697d811cdd40b4603f5a1bd6e716a0468fc2748d48d683ca4c7f5dca
        tags:
            - latest
            - "1.0"
targets:
    maesn:
        source: Maesn unified API
        sourceNamespace: maesn-unified-api
        sourceRevisionDigest: sha256:6ed9f1bd610e649f1352ee5c48659d658b8b1c1c5b0f1352c5555930a8b03a4c
        sourceBlobDigest: sha256:1a4c92cc697d811cdd40b4603f5a1bd6e716a0468fc2748d48d683ca4c7f5dca
        codeSamplesNamespace: maesn-unified-api-typescript-code-samples
        codeSamplesRevisionDigest: sha256:fff993438ce5cacd4fb9a8688453272835169dcb9e2e50c9f9918a1093f57f8e
workflow:
    workflowVersion: 1.0.0
    speakeasyVersion: latest
    sources:
        Maesn unified API:
            inputs:
                - location: https://unified-backend-prod.azurewebsites.net/api-json
                - location: https://unified-backend-prod.azurewebsites.net/api/v2-json
                - location: https://unified-backend-prod.azurewebsites.net/api/auth-sdk-json
                - location: https://unified-backend-prod.azurewebsites.net/api/tenants-sdk-json
                - location: https://unified-backend-prod.azurewebsites.net/api/events-sdk-json
                - location: https://unified-backend-prod.azurewebsites.net/api/webhooks-sdk-json
                - location: https://unified-backend-prod.azurewebsites.net/api/health-sdk-json
            overlays:
                - location: .speakeasy/overlays/info-overlay.yaml
                - location: .speakeasy/overlays/auth-security-overlay.yaml
                - location: .speakeasy/overlays/enum-types-overlay.yaml
                - location: .speakeasy/overlays/retries-overlay.yaml
            output: .speakeasy/out.openapi.yaml
            registry:
                location: registry.speakeasyapi.dev/maesndev/maesn/maesn-unified-api
    targets:
        maesn:
            target: typescript
            source: Maesn unified API
            publish:
                npm:
                    token: $npm_token
            codeSamples:
                registry:
                    location: registry.speakeasyapi.dev/maesndev/maesn/maesn-unified-api-typescript-code-samples
                labelOverride:
                    fixedValue: Typescript (SDK)
                blocking: false
