speakeasyVersion: 1.780.0
sources:
    Maesn unified API:
        sourceNamespace: maesn-unified-api
        sourceRevisionDigest: sha256:8f1cfde1f2f9069e2310f4652aa25de53a16cc4b4bd37d3782901ac9a08074f1
        sourceBlobDigest: sha256:d2b5c6530adea34cf69504b59037adb58e8489a5899689eac32a6b83eea3ebc0
        tags:
            - latest
            - "1.0"
targets:
    maesn:
        source: Maesn unified API
        sourceNamespace: maesn-unified-api
        sourceRevisionDigest: sha256:8f1cfde1f2f9069e2310f4652aa25de53a16cc4b4bd37d3782901ac9a08074f1
        sourceBlobDigest: sha256:d2b5c6530adea34cf69504b59037adb58e8489a5899689eac32a6b83eea3ebc0
        codeSamplesNamespace: maesn-unified-api-typescript-code-samples
        codeSamplesRevisionDigest: sha256:abd2d37fbf173881e6a8fb59e80f847ad2d63d0fb1629cd0b66a7cf027503ceb
workflow:
    workflowVersion: 1.0.0
    speakeasyVersion: latest
    sources:
        Maesn unified API:
            inputs:
                - location: https://unified-backend-prod.azurewebsites.net/api-json
                - location: https://unified-backend-prod.azurewebsites.net/api/v2-json
                - location: https://unified-backend-prod.azurewebsites.net/api/auth-sdk-json
                - location: https://unified-backend-prod.azurewebsites.net/api/tenants-sdk-json
                - location: https://unified-backend-prod.azurewebsites.net/api/events-sdk-json
                - location: https://unified-backend-prod.azurewebsites.net/api/webhooks-sdk-json
                - location: https://unified-backend-prod.azurewebsites.net/api/health-sdk-json
            overlays:
                - location: .speakeasy/overlays/info-overlay.yaml
                - location: .speakeasy/overlays/auth-security-overlay.yaml
                - location: .speakeasy/overlays/enum-types-overlay.yaml
                - location: .speakeasy/overlays/retries-overlay.yaml
            output: .speakeasy/out.openapi.yaml
            registry:
                location: registry.speakeasyapi.dev/maesndev/maesn/maesn-unified-api
    targets:
        maesn:
            target: typescript
            source: Maesn unified API
            publish:
                npm:
                    token: $npm_token
            codeSamples:
                registry:
                    location: registry.speakeasyapi.dev/maesndev/maesn/maesn-unified-api-typescript-code-samples
                labelOverride:
                    fixedValue: Typescript (SDK)
                blocking: false
