speakeasyVersion: 1.797.0
sources:
    Maesn unified API:
        sourceNamespace: maesn-unified-api
        sourceRevisionDigest: sha256:d66043d4b914801ff3d7f83aeddc42a8fb45057f77abb49e87da262c1348bb7b
        sourceBlobDigest: sha256:fad96fe2a6910a42546cec80eaae79a2e9016c57c96c8d60b8ef626003784138
        tags:
            - latest
            - "1.0"
targets:
    maesn:
        source: Maesn unified API
        sourceNamespace: maesn-unified-api
        sourceRevisionDigest: sha256:d66043d4b914801ff3d7f83aeddc42a8fb45057f77abb49e87da262c1348bb7b
        sourceBlobDigest: sha256:fad96fe2a6910a42546cec80eaae79a2e9016c57c96c8d60b8ef626003784138
        codeSamplesNamespace: maesn-unified-api-typescript-code-samples
        codeSamplesRevisionDigest: sha256:2b0444814752a17e1afee02615ff979e065f329a01519f20fd5487a4126a2563
workflow:
    workflowVersion: 1.0.0
    speakeasyVersion: latest
    sources:
        Maesn unified API:
            inputs:
                - location: https://unified-backend-prod.azurewebsites.net/api-json
                - location: https://unified-backend-prod.azurewebsites.net/api/v2-json
                - location: https://unified-backend-prod.azurewebsites.net/api/auth-sdk-json
                - location: https://unified-backend-prod.azurewebsites.net/api/tenants-sdk-json
                - location: https://unified-backend-prod.azurewebsites.net/api/events-sdk-json
                - location: https://unified-backend-prod.azurewebsites.net/api/webhooks-sdk-json
                - location: https://unified-backend-prod.azurewebsites.net/api/health-sdk-json
            overlays:
                - location: .speakeasy/overlays/info-overlay.yaml
                - location: .speakeasy/overlays/auth-security-overlay.yaml
                - location: .speakeasy/overlays/enum-types-overlay.yaml
                - location: .speakeasy/overlays/retries-overlay.yaml
            output: .speakeasy/out.openapi.yaml
            registry:
                location: registry.speakeasyapi.dev/maesndev/maesn/maesn-unified-api
    targets:
        maesn:
            target: typescript
            source: Maesn unified API
            publish:
                npm:
                    token: $npm_token
            codeSamples:
                registry:
                    location: registry.speakeasyapi.dev/maesndev/maesn/maesn-unified-api-typescript-code-samples
                labelOverride:
                    fixedValue: Typescript (SDK)
                blocking: false
